
Microsoft Visual Studio Solution File, Format Version 12.00
# Visual Studio Version 17
VisualStudioVersion = 17.0.31903.59
MinimumVisualStudioVersion = 10.0.40219.1
Project("{2150E333-8FDC-42A3-9474-1A3956D46DE8}") = "samples", "samples", "{5D20AA90-6969-D8BD-9DCD-8634F4692FDA}"
EndProject
Project("{2150E333-8FDC-42A3-9474-1A3956D46DE8}") = "dotnet", "dotnet", "{5A728863-19AC-85BD-2451-DA9A2B6A9E80}"
EndProject
Project("{2150E333-8FDC-42A3-9474-1A3956D46DE8}") = "aspire", "aspire", "{FBB7E191-6DE4-951E-69F3-A8E503401561}"
EndProject
Project("{2150E333-8FDC-42A3-9474-1A3956D46DE8}") = "login", "login", "{1EE15D85-5416-F55D-F625-731C85B3C767}"
EndProject
Project("{2150E333-8FDC-42A3-9474-1A3956D46DE8}") = "app", "app", "{8BDC1CE4-78CC-F625-4647-E1004AB29979}"
EndProject
Project("{FAE04EC0-301F-11D3-BF4B-00C04F79EFBC}") = "Veriqa.Sample.DotNet.Aspire.Login.App", "samples\dotnet\aspire\login\app\Veriqa.Sample.DotNet.Aspire.Login.App.csproj", "{E39E7CBF-DED7-4069-9399-02ACA3391FB1}"
EndProject
Project("{2150E333-8FDC-42A3-9474-1A3956D46DE8}") = "src", "src", "{827E0CD3-B72D-47B6-A68D-7590B98EB39B}"
EndProject
Project("{2150E333-8FDC-42A3-9474-1A3956D46DE8}") = "core", "core", "{8D626EA8-CB54-BC41-363A-217881BEBA6E}"
EndProject
Project("{FAE04EC0-301F-11D3-BF4B-00C04F79EFBC}") = "Veriqa.Core.AuthServer", "src\core\Veriqa.Core.AuthServer\Veriqa.Core.AuthServer.csproj", "{560A1628-0F59-4490-BA27-A8F6BC6C0965}"
EndProject
Project("{FAE04EC0-301F-11D3-BF4B-00C04F79EFBC}") = "Veriqa.Core.Configuration", "src\core\Veriqa.Core.Configuration\Veriqa.Core.Configuration.csproj", "{DE2D0A59-A786-4175-AFB9-67F5D3B6293F}"
EndProject
Project("{FAE04EC0-301F-11D3-BF4B-00C04F79EFBC}") = "Veriqa.Core.Contracts", "src\core\Veriqa.Core.Contracts\Veriqa.Core.Contracts.csproj", "{B7BDC7EC-2716-4907-B8A7-3CB0C1412D3C}"
EndProject
Project("{FAE04EC0-301F-11D3-BF4B-00C04F79EFBC}") = "Veriqa.Core.ChannelAdapter", "src\core\Veriqa.Core.ChannelAdapter\Veriqa.Core.ChannelAdapter.csproj", "{DE5F1BC7-62D7-408E-930D-48FCCD4506BE}"
EndProject
Project("{FAE04EC0-301F-11D3-BF4B-00C04F79EFBC}") = "Veriqa.Core.TransactionEngine", "src\core\Veriqa.Core.TransactionEngine\Veriqa.Core.TransactionEngine.csproj", "{ED6B24FD-6CF7-4B1D-A812-BB4921AE70E5}"
EndProject
Project("{FAE04EC0-301F-11D3-BF4B-00C04F79EFBC}") = "Veriqa.Core.ChannelAdapter.Email", "src\core\Veriqa.Core.ChannelAdapter.Email\Veriqa.Core.ChannelAdapter.Email.csproj", "{E432F2D8-1F8D-4D47-A524-60014339AD45}"
EndProject
Project("{FAE04EC0-301F-11D3-BF4B-00C04F79EFBC}") = "Veriqa.Core.ChannelAdapter.Max", "src\core\Veriqa.Core.ChannelAdapter.Max\Veriqa.Core.ChannelAdapter.Max.csproj", "{97D06B1E-0482-46AF-ABF3-E0B14D9D1577}"
EndProject
Project("{FAE04EC0-301F-11D3-BF4B-00C04F79EFBC}") = "Veriqa.Core.ChannelAdapter.Telegram", "src\core\Veriqa.Core.ChannelAdapter.Telegram\Veriqa.Core.ChannelAdapter.Telegram.csproj", "{A40DBD2C-958A-4604-816D-807329AC2A63}"
EndProject
Project("{FAE04EC0-301F-11D3-BF4B-00C04F79EFBC}") = "Veriqa.Core.ChannelAdapter.WhatsApp", "src\core\Veriqa.Core.ChannelAdapter.WhatsApp\Veriqa.Core.ChannelAdapter.WhatsApp.csproj", "{758A0285-7882-4461-BA2E-C1E4B7EB7030}"
EndProject
Project("{FAE04EC0-301F-11D3-BF4B-00C04F79EFBC}") = "Veriqa.Core.TransactionEngine.Redis", "src\core\Veriqa.Core.TransactionEngine.Redis\Veriqa.Core.TransactionEngine.Redis.csproj", "{1E51D540-576A-4FC4-B28F-6F2A497A20E3}"
EndProject
Project("{FAE04EC0-301F-11D3-BF4B-00C04F79EFBC}") = "Veriqa.Sample.DotNet.Aspire.Login.AppHost", "samples\dotnet\aspire\login\Veriqa.Sample.DotNet.Aspire.Login.AppHost.csproj", "{CB578FED-E6E0-4496-A2A4-430C7EAA0691}"
EndProject
Project("{2150E333-8FDC-42A3-9474-1A3956D46DE8}") = "custom-channel", "custom-channel", "{858A8F3B-548E-7A4F-A882-E93F26F5E6E1}"
EndProject
Project("{2150E333-8FDC-42A3-9474-1A3956D46DE8}") = "adapter", "adapter", "{73D5B6E4-8DB8-9C7C-84B4-B9FD534EE732}"
EndProject
Project("{FAE04EC0-301F-11D3-BF4B-00C04F79EFBC}") = "Veriqa.Sample.CustomChannel.Adapter", "samples\dotnet\custom-channel\adapter\Veriqa.Sample.CustomChannel.Adapter.csproj", "{25A03EA7-83D9-4C7E-87C4-C892165E523D}"
EndProject
Project("{2150E333-8FDC-42A3-9474-1A3956D46DE8}") = "host", "host", "{EB5472ED-AF12-6D03-63C7-3ECBB90B1D72}"
EndProject
Project("{FAE04EC0-301F-11D3-BF4B-00C04F79EFBC}") = "Veriqa.Sample.CustomChannel.Host", "samples\dotnet\custom-channel\host\Veriqa.Sample.CustomChannel.Host.csproj", "{99355BCC-0AF2-429A-AB5E-8E9D7FC9D181}"
EndProject
Project("{2150E333-8FDC-42A3-9474-1A3956D46DE8}") = "inproc", "inproc", "{CCDADB01-71FC-E520-A1C9-F0AD2071AA9E}"
EndProject
Project("{2150E333-8FDC-42A3-9474-1A3956D46DE8}") = "agent-approval", "agent-approval", "{07AD404C-9E30-686D-E093-2EDD5FEDB6CD}"
EndProject
Project("{FAE04EC0-301F-11D3-BF4B-00C04F79EFBC}") = "Veriqa.Sample.DotNet.Inproc.AgentApproval", "samples\dotnet\inproc\agent-approval\Veriqa.Sample.DotNet.Inproc.AgentApproval.csproj", "{48E65873-82BF-4656-AB88-8DC7556635DD}"
EndProject
Project("{2150E333-8FDC-42A3-9474-1A3956D46DE8}") = "confirmation", "confirmation", "{0685B3AC-DB55-A51B-DCD8-B21E6B13630B}"
EndProject
Project("{FAE04EC0-301F-11D3-BF4B-00C04F79EFBC}") = "Veriqa.Sample.DotNet.Inproc.Confirmation", "samples\dotnet\inproc\confirmation\Veriqa.Sample.DotNet.Inproc.Confirmation.csproj", "{9E90927B-5FA4-488A-A8DC-FA94ED3C7CB1}"
EndProject
Project("{2150E333-8FDC-42A3-9474-1A3956D46DE8}") = "login-client", "login-client", "{588A8DC6-49E1-6A39-A102-44D69350E21A}"
EndProject
Project("{FAE04EC0-301F-11D3-BF4B-00C04F79EFBC}") = "Veriqa.Sample.DotNet.Inproc.LoginClient", "samples\dotnet\inproc\login-client\Veriqa.Sample.DotNet.Inproc.LoginClient.csproj", "{37CD5506-7CCD-4794-9507-A973FD99DC43}"
EndProject
Project("{2150E333-8FDC-42A3-9474-1A3956D46DE8}") = "login", "login", "{7519F31C-F1C0-4FD4-8F26-5D9C2842DD80}"
EndProject
Project("{FAE04EC0-301F-11D3-BF4B-00C04F79EFBC}") = "Veriqa.Sample.DotNet.Inproc.Login", "samples\dotnet\inproc\login\Veriqa.Sample.DotNet.Inproc.Login.csproj", "{1663CF37-2E80-46B9-9661-DA9529068640}"
EndProject
Project("{2150E333-8FDC-42A3-9474-1A3956D46DE8}") = "step-up", "step-up", "{622A3890-BA0D-8A47-F4F8-18C0EF44784A}"
EndProject
Project("{FAE04EC0-301F-11D3-BF4B-00C04F79EFBC}") = "Veriqa.Sample.DotNet.Inproc.StepUp", "samples\dotnet\inproc\step-up\Veriqa.Sample.DotNet.Inproc.StepUp.csproj", "{902985A2-C9C9-4ED9-B2B3-4089A9BF5FC4}"
EndProject
Project("{2150E333-8FDC-42A3-9474-1A3956D46DE8}") = "showcase", "showcase", "{EF47637D-A3C2-361A-A467-BD93827AABC4}"
EndProject
Project("{2150E333-8FDC-42A3-9474-1A3956D46DE8}") = "streaming-tv", "streaming-tv", "{623F1A77-684A-4809-A1F1-F90AF7335750}"
EndProject
Project("{FAE04EC0-301F-11D3-BF4B-00C04F79EFBC}") = "Veriqa.Sample.DotNet.Showcase.StreamingTv", "samples\dotnet\showcase\streaming-tv\Veriqa.Sample.DotNet.Showcase.StreamingTv.csproj", "{2546308E-FB82-46CA-809D-070D90B542B1}"
EndProject
Project("{2150E333-8FDC-42A3-9474-1A3956D46DE8}") = "support-desk", "support-desk", "{86FE57FD-BA65-255C-8842-21375F8BFAB2}"
EndProject
Project("{FAE04EC0-301F-11D3-BF4B-00C04F79EFBC}") = "Veriqa.Sample.DotNet.Showcase.SupportDesk", "samples\dotnet\showcase\support-desk\Veriqa.Sample.DotNet.Showcase.SupportDesk.csproj", "{CB27BE70-9B12-4E04-AFFE-A7C4D8B7D27C}"
EndProject
Project("{FAE04EC0-301F-11D3-BF4B-00C04F79EFBC}") = "Veriqa.Core.AuditTrail.EntityFrameworkCore", "src\core\Veriqa.Core.AuditTrail.EntityFrameworkCore\Veriqa.Core.AuditTrail.EntityFrameworkCore.csproj", "{24D0E18D-46EA-4165-9DFC-83390BD973A8}"
EndProject
Project("{FAE04EC0-301F-11D3-BF4B-00C04F79EFBC}") = "Veriqa.Core.AuditTrail", "src\core\Veriqa.Core.AuditTrail\Veriqa.Core.AuditTrail.csproj", "{9DFBE324-0F01-4BF8-B4D3-AC79182FE00F}"
EndProject
Project("{FAE04EC0-301F-11D3-BF4B-00C04F79EFBC}") = "Veriqa.Core.AuditTrail.Migrations.PostgreSql", "src\core\Veriqa.Core.AuditTrail.Migrations.PostgreSql\Veriqa.Core.AuditTrail.Migrations.PostgreSql.csproj", "{6DA9F49C-3878-4948-AFF9-FE585F53A8D4}"
EndProject
Project("{FAE04EC0-301F-11D3-BF4B-00C04F79EFBC}") = "Veriqa.Core.AuditTrail.Migrations.SqlServer", "src\core\Veriqa.Core.AuditTrail.Migrations.SqlServer\Veriqa.Core.AuditTrail.Migrations.SqlServer.csproj", "{4DC5B239-5DFC-4A87-8ACF-10D6B115E9D7}"
EndProject
Project("{FAE04EC0-301F-11D3-BF4B-00C04F79EFBC}") = "Veriqa.Core.AuthServer.Host", "src\core\Veriqa.Core.AuthServer.Host\Veriqa.Core.AuthServer.Host.csproj", "{92FAEC50-FC91-4805-991C-7A5AB037704B}"
EndProject
Project("{2150E333-8FDC-42A3-9474-1A3956D46DE8}") = "hosts", "hosts", "{C79C3622-AC92-5B3C-4F71-0BD0E7B3816F}"
EndProject
Project("{FAE04EC0-301F-11D3-BF4B-00C04F79EFBC}") = "Veriqa.ServiceDefaults", "src\hosts\Veriqa.ServiceDefaults\Veriqa.ServiceDefaults.csproj", "{CBE66AD5-CCED-4C8C-BA23-A99D3175F5BE}"
EndProject
Project("{FAE04EC0-301F-11D3-BF4B-00C04F79EFBC}") = "Veriqa.Core.TransactionEngine.EntityFrameworkCore", "src\core\Veriqa.Core.TransactionEngine.EntityFrameworkCore\Veriqa.Core.TransactionEngine.EntityFrameworkCore.csproj", "{E477FF49-22E7-471D-89F5-8EEBD526EBFD}"
EndProject
Project("{FAE04EC0-301F-11D3-BF4B-00C04F79EFBC}") = "Veriqa.Core.TransactionEngine.Migrations.PostgreSql", "src\core\Veriqa.Core.TransactionEngine.Migrations.PostgreSql\Veriqa.Core.TransactionEngine.Migrations.PostgreSql.csproj", "{D96DAAF8-0D5E-4A90-90B7-549D16B1A196}"
EndProject
Project("{FAE04EC0-301F-11D3-BF4B-00C04F79EFBC}") = "Veriqa.Core.AuthServer.Migrations.PostgreSql", "src\core\Veriqa.Core.AuthServer.Migrations.PostgreSql\Veriqa.Core.AuthServer.Migrations.PostgreSql.csproj", "{F334E632-9B26-4B7E-A541-A852CAE1E4F2}"
EndProject
Project("{FAE04EC0-301F-11D3-BF4B-00C04F79EFBC}") = "Veriqa.Core.TransactionEngine.Migrations.SqlServer", "src\core\Veriqa.Core.TransactionEngine.Migrations.SqlServer\Veriqa.Core.TransactionEngine.Migrations.SqlServer.csproj", "{9E3C33DE-4792-4766-BCDF-778399A91488}"
EndProject
Project("{FAE04EC0-301F-11D3-BF4B-00C04F79EFBC}") = "Veriqa.Core.AuthServer.Migrations.SqlServer", "src\core\Veriqa.Core.AuthServer.Migrations.SqlServer\Veriqa.Core.AuthServer.Migrations.SqlServer.csproj", "{D2CFD791-FEAF-43E3-81DD-FC510808785C}"
EndProject
Project("{FAE04EC0-301F-11D3-BF4B-00C04F79EFBC}") = "Veriqa.Core.AuthServer.MaxMind", "src\core\Veriqa.Core.AuthServer.MaxMind\Veriqa.Core.AuthServer.MaxMind.csproj", "{51F826C7-438E-488A-BA85-AAADA0EF2C35}"
EndProject
Project("{FAE04EC0-301F-11D3-BF4B-00C04F79EFBC}") = "Veriqa.Core.BaseChannels", "src\core\Veriqa.Core.BaseChannels\Veriqa.Core.BaseChannels.csproj", "{2F602969-9D62-4C7F-B4C6-01FD8B3EEDD4}"
EndProject
Project("{FAE04EC0-301F-11D3-BF4B-00C04F79EFBC}") = "Veriqa.Core.ChannelAdapter.Redis", "src\core\Veriqa.Core.ChannelAdapter.Redis\Veriqa.Core.ChannelAdapter.Redis.csproj", "{9755C2BA-9477-41E5-A263-E2B1D6A4E41A}"
EndProject
Project("{FAE04EC0-301F-11D3-BF4B-00C04F79EFBC}") = "Veriqa.Core.TransactionEngine.RabbitMq", "src\core\Veriqa.Core.TransactionEngine.RabbitMq\Veriqa.Core.TransactionEngine.RabbitMq.csproj", "{F61708B8-4DAA-4A4A-AEC8-6C62AED4EF3E}"
EndProject
Global
	GlobalSection(SolutionConfigurationPlatforms) = preSolution
		Debug|Any CPU = Debug|Any CPU
		Debug|x64 = Debug|x64
		Debug|x86 = Debug|x86
		Release|Any CPU = Release|Any CPU
		Release|x64 = Release|x64
		Release|x86 = Release|x86
	EndGlobalSection
	GlobalSection(ProjectConfigurationPlatforms) = postSolution
		{E39E7CBF-DED7-4069-9399-02ACA3391FB1}.Debug|Any CPU.ActiveCfg = Debug|Any CPU
		{E39E7CBF-DED7-4069-9399-02ACA3391FB1}.Debug|Any CPU.Build.0 = Debug|Any CPU
		{E39E7CBF-DED7-4069-9399-02ACA3391FB1}.Debug|x64.ActiveCfg = Debug|Any CPU
		{E39E7CBF-DED7-4069-9399-02ACA3391FB1}.Debug|x64.Build.0 = Debug|Any CPU
		{E39E7CBF-DED7-4069-9399-02ACA3391FB1}.Debug|x86.ActiveCfg = Debug|Any CPU
		{E39E7CBF-DED7-4069-9399-02ACA3391FB1}.Debug|x86.Build.0 = Debug|Any CPU
		{E39E7CBF-DED7-4069-9399-02ACA3391FB1}.Release|Any CPU.ActiveCfg = Release|Any CPU
		{E39E7CBF-DED7-4069-9399-02ACA3391FB1}.Release|Any CPU.Build.0 = Release|Any CPU
		{E39E7CBF-DED7-4069-9399-02ACA3391FB1}.Release|x64.ActiveCfg = Release|Any CPU
		{E39E7CBF-DED7-4069-9399-02ACA3391FB1}.Release|x64.Build.0 = Release|Any CPU
		{E39E7CBF-DED7-4069-9399-02ACA3391FB1}.Release|x86.ActiveCfg = Release|Any CPU
		{E39E7CBF-DED7-4069-9399-02ACA3391FB1}.Release|x86.Build.0 = Release|Any CPU
		{560A1628-0F59-4490-BA27-A8F6BC6C0965}.Debug|Any CPU.ActiveCfg = Debug|Any CPU
		{560A1628-0F59-4490-BA27-A8F6BC6C0965}.Debug|Any CPU.Build.0 = Debug|Any CPU
		{560A1628-0F59-4490-BA27-A8F6BC6C0965}.Debug|x64.ActiveCfg = Debug|Any CPU
		{560A1628-0F59-4490-BA27-A8F6BC6C0965}.Debug|x64.Build.0 = Debug|Any CPU
		{560A1628-0F59-4490-BA27-A8F6BC6C0965}.Debug|x86.ActiveCfg = Debug|Any CPU
		{560A1628-0F59-4490-BA27-A8F6BC6C0965}.Debug|x86.Build.0 = Debug|Any CPU
		{560A1628-0F59-4490-BA27-A8F6BC6C0965}.Release|Any CPU.ActiveCfg = Release|Any CPU
		{560A1628-0F59-4490-BA27-A8F6BC6C0965}.Release|Any CPU.Build.0 = Release|Any CPU
		{560A1628-0F59-4490-BA27-A8F6BC6C0965}.Release|x64.ActiveCfg = Release|Any CPU
		{560A1628-0F59-4490-BA27-A8F6BC6C0965}.Release|x64.Build.0 = Release|Any CPU
		{560A1628-0F59-4490-BA27-A8F6BC6C0965}.Release|x86.ActiveCfg = Release|Any CPU
		{560A1628-0F59-4490-BA27-A8F6BC6C0965}.Release|x86.Build.0 = Release|Any CPU
		{DE2D0A59-A786-4175-AFB9-67F5D3B6293F}.Debug|Any CPU.ActiveCfg = Debug|Any CPU
		{DE2D0A59-A786-4175-AFB9-67F5D3B6293F}.Debug|Any CPU.Build.0 = Debug|Any CPU
		{DE2D0A59-A786-4175-AFB9-67F5D3B6293F}.Debug|x64.ActiveCfg = Debug|Any CPU
		{DE2D0A59-A786-4175-AFB9-67F5D3B6293F}.Debug|x64.Build.0 = Debug|Any CPU
		{DE2D0A59-A786-4175-AFB9-67F5D3B6293F}.Debug|x86.ActiveCfg = Debug|Any CPU
		{DE2D0A59-A786-4175-AFB9-67F5D3B6293F}.Debug|x86.Build.0 = Debug|Any CPU
		{DE2D0A59-A786-4175-AFB9-67F5D3B6293F}.Release|Any CPU.ActiveCfg = Release|Any CPU
		{DE2D0A59-A786-4175-AFB9-67F5D3B6293F}.Release|Any CPU.Build.0 = Release|Any CPU
		{DE2D0A59-A786-4175-AFB9-67F5D3B6293F}.Release|x64.ActiveCfg = Release|Any CPU
		{DE2D0A59-A786-4175-AFB9-67F5D3B6293F}.Release|x64.Build.0 = Release|Any CPU
		{DE2D0A59-A786-4175-AFB9-67F5D3B6293F}.Release|x86.ActiveCfg = Release|Any CPU
		{DE2D0A59-A786-4175-AFB9-67F5D3B6293F}.Release|x86.Build.0 = Release|Any CPU
		{B7BDC7EC-2716-4907-B8A7-3CB0C1412D3C}.Debug|Any CPU.ActiveCfg = Debug|Any CPU
		{B7BDC7EC-2716-4907-B8A7-3CB0C1412D3C}.Debug|Any CPU.Build.0 = Debug|Any CPU
		{B7BDC7EC-2716-4907-B8A7-3CB0C1412D3C}.Debug|x64.ActiveCfg = Debug|Any CPU
		{B7BDC7EC-2716-4907-B8A7-3CB0C1412D3C}.Debug|x64.Build.0 = Debug|Any CPU
		{B7BDC7EC-2716-4907-B8A7-3CB0C1412D3C}.Debug|x86.ActiveCfg = Debug|Any CPU
		{B7BDC7EC-2716-4907-B8A7-3CB0C1412D3C}.Debug|x86.Build.0 = Debug|Any CPU
		{B7BDC7EC-2716-4907-B8A7-3CB0C1412D3C}.Release|Any CPU.ActiveCfg = Release|Any CPU
		{B7BDC7EC-2716-4907-B8A7-3CB0C1412D3C}.Release|Any CPU.Build.0 = Release|Any CPU
		{B7BDC7EC-2716-4907-B8A7-3CB0C1412D3C}.Release|x64.ActiveCfg = Release|Any CPU
		{B7BDC7EC-2716-4907-B8A7-3CB0C1412D3C}.Release|x64.Build.0 = Release|Any CPU
		{B7BDC7EC-2716-4907-B8A7-3CB0C1412D3C}.Release|x86.ActiveCfg = Release|Any CPU
		{B7BDC7EC-2716-4907-B8A7-3CB0C1412D3C}.Release|x86.Build.0 = Release|Any CPU
		{DE5F1BC7-62D7-408E-930D-48FCCD4506BE}.Debug|Any CPU.ActiveCfg = Debug|Any CPU
		{DE5F1BC7-62D7-408E-930D-48FCCD4506BE}.Debug|Any CPU.Build.0 = Debug|Any CPU
		{DE5F1BC7-62D7-408E-930D-48FCCD4506BE}.Debug|x64.ActiveCfg = Debug|Any CPU
		{DE5F1BC7-62D7-408E-930D-48FCCD4506BE}.Debug|x64.Build.0 = Debug|Any CPU
		{DE5F1BC7-62D7-408E-930D-48FCCD4506BE}.Debug|x86.ActiveCfg = Debug|Any CPU
		{DE5F1BC7-62D7-408E-930D-48FCCD4506BE}.Debug|x86.Build.0 = Debug|Any CPU
		{DE5F1BC7-62D7-408E-930D-48FCCD4506BE}.Release|Any CPU.ActiveCfg = Release|Any CPU
		{DE5F1BC7-62D7-408E-930D-48FCCD4506BE}.Release|Any CPU.Build.0 = Release|Any CPU
		{DE5F1BC7-62D7-408E-930D-48FCCD4506BE}.Release|x64.ActiveCfg = Release|Any CPU
		{DE5F1BC7-62D7-408E-930D-48FCCD4506BE}.Release|x64.Build.0 = Release|Any CPU
		{DE5F1BC7-62D7-408E-930D-48FCCD4506BE}.Release|x86.ActiveCfg = Release|Any CPU
		{DE5F1BC7-62D7-408E-930D-48FCCD4506BE}.Release|x86.Build.0 = Release|Any CPU
		{ED6B24FD-6CF7-4B1D-A812-BB4921AE70E5}.Debug|Any CPU.ActiveCfg = Debug|Any CPU
		{ED6B24FD-6CF7-4B1D-A812-BB4921AE70E5}.Debug|Any CPU.Build.0 = Debug|Any CPU
		{ED6B24FD-6CF7-4B1D-A812-BB4921AE70E5}.Debug|x64.ActiveCfg = Debug|Any CPU
		{ED6B24FD-6CF7-4B1D-A812-BB4921AE70E5}.Debug|x64.Build.0 = Debug|Any CPU
		{ED6B24FD-6CF7-4B1D-A812-BB4921AE70E5}.Debug|x86.ActiveCfg = Debug|Any CPU
		{ED6B24FD-6CF7-4B1D-A812-BB4921AE70E5}.Debug|x86.Build.0 = Debug|Any CPU
		{ED6B24FD-6CF7-4B1D-A812-BB4921AE70E5}.Release|Any CPU.ActiveCfg = Release|Any CPU
		{ED6B24FD-6CF7-4B1D-A812-BB4921AE70E5}.Release|Any CPU.Build.0 = Release|Any CPU
		{ED6B24FD-6CF7-4B1D-A812-BB4921AE70E5}.Release|x64.ActiveCfg = Release|Any CPU
		{ED6B24FD-6CF7-4B1D-A812-BB4921AE70E5}.Release|x64.Build.0 = Release|Any CPU
		{ED6B24FD-6CF7-4B1D-A812-BB4921AE70E5}.Release|x86.ActiveCfg = Release|Any CPU
		{ED6B24FD-6CF7-4B1D-A812-BB4921AE70E5}.Release|x86.Build.0 = Release|Any CPU
		{E432F2D8-1F8D-4D47-A524-60014339AD45}.Debug|Any CPU.ActiveCfg = Debug|Any CPU
		{E432F2D8-1F8D-4D47-A524-60014339AD45}.Debug|Any CPU.Build.0 = Debug|Any CPU
		{E432F2D8-1F8D-4D47-A524-60014339AD45}.Debug|x64.ActiveCfg = Debug|Any CPU
		{E432F2D8-1F8D-4D47-A524-60014339AD45}.Debug|x64.Build.0 = Debug|Any CPU
		{E432F2D8-1F8D-4D47-A524-60014339AD45}.Debug|x86.ActiveCfg = Debug|Any CPU
		{E432F2D8-1F8D-4D47-A524-60014339AD45}.Debug|x86.Build.0 = Debug|Any CPU
		{E432F2D8-1F8D-4D47-A524-60014339AD45}.Release|Any CPU.ActiveCfg = Release|Any CPU
		{E432F2D8-1F8D-4D47-A524-60014339AD45}.Release|Any CPU.Build.0 = Release|Any CPU
		{E432F2D8-1F8D-4D47-A524-60014339AD45}.Release|x64.ActiveCfg = Release|Any CPU
		{E432F2D8-1F8D-4D47-A524-60014339AD45}.Release|x64.Build.0 = Release|Any CPU
		{E432F2D8-1F8D-4D47-A524-60014339AD45}.Release|x86.ActiveCfg = Release|Any CPU
		{E432F2D8-1F8D-4D47-A524-60014339AD45}.Release|x86.Build.0 = Release|Any CPU
		{97D06B1E-0482-46AF-ABF3-E0B14D9D1577}.Debug|Any CPU.ActiveCfg = Debug|Any CPU
		{97D06B1E-0482-46AF-ABF3-E0B14D9D1577}.Debug|Any CPU.Build.0 = Debug|Any CPU
		{97D06B1E-0482-46AF-ABF3-E0B14D9D1577}.Debug|x64.ActiveCfg = Debug|Any CPU
		{97D06B1E-0482-46AF-ABF3-E0B14D9D1577}.Debug|x64.Build.0 = Debug|Any CPU
		{97D06B1E-0482-46AF-ABF3-E0B14D9D1577}.Debug|x86.ActiveCfg = Debug|Any CPU
		{97D06B1E-0482-46AF-ABF3-E0B14D9D1577}.Debug|x86.Build.0 = Debug|Any CPU
		{97D06B1E-0482-46AF-ABF3-E0B14D9D1577}.Release|Any CPU.ActiveCfg = Release|Any CPU
		{97D06B1E-0482-46AF-ABF3-E0B14D9D1577}.Release|Any CPU.Build.0 = Release|Any CPU
		{97D06B1E-0482-46AF-ABF3-E0B14D9D1577}.Release|x64.ActiveCfg = Release|Any CPU
		{97D06B1E-0482-46AF-ABF3-E0B14D9D1577}.Release|x64.Build.0 = Release|Any CPU
		{97D06B1E-0482-46AF-ABF3-E0B14D9D1577}.Release|x86.ActiveCfg = Release|Any CPU
		{97D06B1E-0482-46AF-ABF3-E0B14D9D1577}.Release|x86.Build.0 = Release|Any CPU
		{A40DBD2C-958A-4604-816D-807329AC2A63}.Debug|Any CPU.ActiveCfg = Debug|Any CPU
		{A40DBD2C-958A-4604-816D-807329AC2A63}.Debug|Any CPU.Build.0 = Debug|Any CPU
		{A40DBD2C-958A-4604-816D-807329AC2A63}.Debug|x64.ActiveCfg = Debug|Any CPU
		{A40DBD2C-958A-4604-816D-807329AC2A63}.Debug|x64.Build.0 = Debug|Any CPU
		{A40DBD2C-958A-4604-816D-807329AC2A63}.Debug|x86.ActiveCfg = Debug|Any CPU
		{A40DBD2C-958A-4604-816D-807329AC2A63}.Debug|x86.Build.0 = Debug|Any CPU
		{A40DBD2C-958A-4604-816D-807329AC2A63}.Release|Any CPU.ActiveCfg = Release|Any CPU
		{A40DBD2C-958A-4604-816D-807329AC2A63}.Release|Any CPU.Build.0 = Release|Any CPU
		{A40DBD2C-958A-4604-816D-807329AC2A63}.Release|x64.ActiveCfg = Release|Any CPU
		{A40DBD2C-958A-4604-816D-807329AC2A63}.Release|x64.Build.0 = Release|Any CPU
		{A40DBD2C-958A-4604-816D-807329AC2A63}.Release|x86.ActiveCfg = Release|Any CPU
		{A40DBD2C-958A-4604-816D-807329AC2A63}.Release|x86.Build.0 = Release|Any CPU
		{758A0285-7882-4461-BA2E-C1E4B7EB7030}.Debug|Any CPU.ActiveCfg = Debug|Any CPU
		{758A0285-7882-4461-BA2E-C1E4B7EB7030}.Debug|Any CPU.Build.0 = Debug|Any CPU
		{758A0285-7882-4461-BA2E-C1E4B7EB7030}.Debug|x64.ActiveCfg = Debug|Any CPU
		{758A0285-7882-4461-BA2E-C1E4B7EB7030}.Debug|x64.Build.0 = Debug|Any CPU
		{758A0285-7882-4461-BA2E-C1E4B7EB7030}.Debug|x86.ActiveCfg = Debug|Any CPU
		{758A0285-7882-4461-BA2E-C1E4B7EB7030}.Debug|x86.Build.0 = Debug|Any CPU
		{758A0285-7882-4461-BA2E-C1E4B7EB7030}.Release|Any CPU.ActiveCfg = Release|Any CPU
		{758A0285-7882-4461-BA2E-C1E4B7EB7030}.Release|Any CPU.Build.0 = Release|Any CPU
		{758A0285-7882-4461-BA2E-C1E4B7EB7030}.Release|x64.ActiveCfg = Release|Any CPU
		{758A0285-7882-4461-BA2E-C1E4B7EB7030}.Release|x64.Build.0 = Release|Any CPU
		{758A0285-7882-4461-BA2E-C1E4B7EB7030}.Release|x86.ActiveCfg = Release|Any CPU
		{758A0285-7882-4461-BA2E-C1E4B7EB7030}.Release|x86.Build.0 = Release|Any CPU
		{1E51D540-576A-4FC4-B28F-6F2A497A20E3}.Debug|Any CPU.ActiveCfg = Debug|Any CPU
		{1E51D540-576A-4FC4-B28F-6F2A497A20E3}.Debug|Any CPU.Build.0 = Debug|Any CPU
		{1E51D540-576A-4FC4-B28F-6F2A497A20E3}.Debug|x64.ActiveCfg = Debug|Any CPU
		{1E51D540-576A-4FC4-B28F-6F2A497A20E3}.Debug|x64.Build.0 = Debug|Any CPU
		{1E51D540-576A-4FC4-B28F-6F2A497A20E3}.Debug|x86.ActiveCfg = Debug|Any CPU
		{1E51D540-576A-4FC4-B28F-6F2A497A20E3}.Debug|x86.Build.0 = Debug|Any CPU
		{1E51D540-576A-4FC4-B28F-6F2A497A20E3}.Release|Any CPU.ActiveCfg = Release|Any CPU
		{1E51D540-576A-4FC4-B28F-6F2A497A20E3}.Release|Any CPU.Build.0 = Release|Any CPU
		{1E51D540-576A-4FC4-B28F-6F2A497A20E3}.Release|x64.ActiveCfg = Release|Any CPU
		{1E51D540-576A-4FC4-B28F-6F2A497A20E3}.Release|x64.Build.0 = Release|Any CPU
		{1E51D540-576A-4FC4-B28F-6F2A497A20E3}.Release|x86.ActiveCfg = Release|Any CPU
		{1E51D540-576A-4FC4-B28F-6F2A497A20E3}.Release|x86.Build.0 = Release|Any CPU
		{CB578FED-E6E0-4496-A2A4-430C7EAA0691}.Debug|Any CPU.ActiveCfg = Debug|Any CPU
		{CB578FED-E6E0-4496-A2A4-430C7EAA0691}.Debug|Any CPU.Build.0 = Debug|Any CPU
		{CB578FED-E6E0-4496-A2A4-430C7EAA0691}.Debug|x64.ActiveCfg = Debug|Any CPU
		{CB578FED-E6E0-4496-A2A4-430C7EAA0691}.Debug|x64.Build.0 = Debug|Any CPU
		{CB578FED-E6E0-4496-A2A4-430C7EAA0691}.Debug|x86.ActiveCfg = Debug|Any CPU
		{CB578FED-E6E0-4496-A2A4-430C7EAA0691}.Debug|x86.Build.0 = Debug|Any CPU
		{CB578FED-E6E0-4496-A2A4-430C7EAA0691}.Release|Any CPU.ActiveCfg = Release|Any CPU
		{CB578FED-E6E0-4496-A2A4-430C7EAA0691}.Release|Any CPU.Build.0 = Release|Any CPU
		{CB578FED-E6E0-4496-A2A4-430C7EAA0691}.Release|x64.ActiveCfg = Release|Any CPU
		{CB578FED-E6E0-4496-A2A4-430C7EAA0691}.Release|x64.Build.0 = Release|Any CPU
		{CB578FED-E6E0-4496-A2A4-430C7EAA0691}.Release|x86.ActiveCfg = Release|Any CPU
		{CB578FED-E6E0-4496-A2A4-430C7EAA0691}.Release|x86.Build.0 = Release|Any CPU
		{25A03EA7-83D9-4C7E-87C4-C892165E523D}.Debug|Any CPU.ActiveCfg = Debug|Any CPU
		{25A03EA7-83D9-4C7E-87C4-C892165E523D}.Debug|Any CPU.Build.0 = Debug|Any CPU
		{25A03EA7-83D9-4C7E-87C4-C892165E523D}.Debug|x64.ActiveCfg = Debug|Any CPU
		{25A03EA7-83D9-4C7E-87C4-C892165E523D}.Debug|x64.Build.0 = Debug|Any CPU
		{25A03EA7-83D9-4C7E-87C4-C892165E523D}.Debug|x86.ActiveCfg = Debug|Any CPU
		{25A03EA7-83D9-4C7E-87C4-C892165E523D}.Debug|x86.Build.0 = Debug|Any CPU
		{25A03EA7-83D9-4C7E-87C4-C892165E523D}.Release|Any CPU.ActiveCfg = Release|Any CPU
		{25A03EA7-83D9-4C7E-87C4-C892165E523D}.Release|Any CPU.Build.0 = Release|Any CPU
		{25A03EA7-83D9-4C7E-87C4-C892165E523D}.Release|x64.ActiveCfg = Release|Any CPU
		{25A03EA7-83D9-4C7E-87C4-C892165E523D}.Release|x64.Build.0 = Release|Any CPU
		{25A03EA7-83D9-4C7E-87C4-C892165E523D}.Release|x86.ActiveCfg = Release|Any CPU
		{25A03EA7-83D9-4C7E-87C4-C892165E523D}.Release|x86.Build.0 = Release|Any CPU
		{99355BCC-0AF2-429A-AB5E-8E9D7FC9D181}.Debug|Any CPU.ActiveCfg = Debug|Any CPU
		{99355BCC-0AF2-429A-AB5E-8E9D7FC9D181}.Debug|Any CPU.Build.0 = Debug|Any CPU
		{99355BCC-0AF2-429A-AB5E-8E9D7FC9D181}.Debug|x64.ActiveCfg = Debug|Any CPU
		{99355BCC-0AF2-429A-AB5E-8E9D7FC9D181}.Debug|x64.Build.0 = Debug|Any CPU
		{99355BCC-0AF2-429A-AB5E-8E9D7FC9D181}.Debug|x86.ActiveCfg = Debug|Any CPU
		{99355BCC-0AF2-429A-AB5E-8E9D7FC9D181}.Debug|x86.Build.0 = Debug|Any CPU
		{99355BCC-0AF2-429A-AB5E-8E9D7FC9D181}.Release|Any CPU.ActiveCfg = Release|Any CPU
		{99355BCC-0AF2-429A-AB5E-8E9D7FC9D181}.Release|Any CPU.Build.0 = Release|Any CPU
		{99355BCC-0AF2-429A-AB5E-8E9D7FC9D181}.Release|x64.ActiveCfg = Release|Any CPU
		{99355BCC-0AF2-429A-AB5E-8E9D7FC9D181}.Release|x64.Build.0 = Release|Any CPU
		{99355BCC-0AF2-429A-AB5E-8E9D7FC9D181}.Release|x86.ActiveCfg = Release|Any CPU
		{99355BCC-0AF2-429A-AB5E-8E9D7FC9D181}.Release|x86.Build.0 = Release|Any CPU
		{48E65873-82BF-4656-AB88-8DC7556635DD}.Debug|Any CPU.ActiveCfg = Debug|Any CPU
		{48E65873-82BF-4656-AB88-8DC7556635DD}.Debug|Any CPU.Build.0 = Debug|Any CPU
		{48E65873-82BF-4656-AB88-8DC7556635DD}.Debug|x64.ActiveCfg = Debug|Any CPU
		{48E65873-82BF-4656-AB88-8DC7556635DD}.Debug|x64.Build.0 = Debug|Any CPU
		{48E65873-82BF-4656-AB88-8DC7556635DD}.Debug|x86.ActiveCfg = Debug|Any CPU
		{48E65873-82BF-4656-AB88-8DC7556635DD}.Debug|x86.Build.0 = Debug|Any CPU
		{48E65873-82BF-4656-AB88-8DC7556635DD}.Release|Any CPU.ActiveCfg = Release|Any CPU
		{48E65873-82BF-4656-AB88-8DC7556635DD}.Release|Any CPU.Build.0 = Release|Any CPU
		{48E65873-82BF-4656-AB88-8DC7556635DD}.Release|x64.ActiveCfg = Release|Any CPU
		{48E65873-82BF-4656-AB88-8DC7556635DD}.Release|x64.Build.0 = Release|Any CPU
		{48E65873-82BF-4656-AB88-8DC7556635DD}.Release|x86.ActiveCfg = Release|Any CPU
		{48E65873-82BF-4656-AB88-8DC7556635DD}.Release|x86.Build.0 = Release|Any CPU
		{9E90927B-5FA4-488A-A8DC-FA94ED3C7CB1}.Debug|Any CPU.ActiveCfg = Debug|Any CPU
		{9E90927B-5FA4-488A-A8DC-FA94ED3C7CB1}.Debug|Any CPU.Build.0 = Debug|Any CPU
		{9E90927B-5FA4-488A-A8DC-FA94ED3C7CB1}.Debug|x64.ActiveCfg = Debug|Any CPU
		{9E90927B-5FA4-488A-A8DC-FA94ED3C7CB1}.Debug|x64.Build.0 = Debug|Any CPU
		{9E90927B-5FA4-488A-A8DC-FA94ED3C7CB1}.Debug|x86.ActiveCfg = Debug|Any CPU
		{9E90927B-5FA4-488A-A8DC-FA94ED3C7CB1}.Debug|x86.Build.0 = Debug|Any CPU
		{9E90927B-5FA4-488A-A8DC-FA94ED3C7CB1}.Release|Any CPU.ActiveCfg = Release|Any CPU
		{9E90927B-5FA4-488A-A8DC-FA94ED3C7CB1}.Release|Any CPU.Build.0 = Release|Any CPU
		{9E90927B-5FA4-488A-A8DC-FA94ED3C7CB1}.Release|x64.ActiveCfg = Release|Any CPU
		{9E90927B-5FA4-488A-A8DC-FA94ED3C7CB1}.Release|x64.Build.0 = Release|Any CPU
		{9E90927B-5FA4-488A-A8DC-FA94ED3C7CB1}.Release|x86.ActiveCfg = Release|Any CPU
		{9E90927B-5FA4-488A-A8DC-FA94ED3C7CB1}.Release|x86.Build.0 = Release|Any CPU
		{37CD5506-7CCD-4794-9507-A973FD99DC43}.Debug|Any CPU.ActiveCfg = Debug|Any CPU
		{37CD5506-7CCD-4794-9507-A973FD99DC43}.Debug|Any CPU.Build.0 = Debug|Any CPU
		{37CD5506-7CCD-4794-9507-A973FD99DC43}.Debug|x64.ActiveCfg = Debug|Any CPU
		{37CD5506-7CCD-4794-9507-A973FD99DC43}.Debug|x64.Build.0 = Debug|Any CPU
		{37CD5506-7CCD-4794-9507-A973FD99DC43}.Debug|x86.ActiveCfg = Debug|Any CPU
		{37CD5506-7CCD-4794-9507-A973FD99DC43}.Debug|x86.Build.0 = Debug|Any CPU
		{37CD5506-7CCD-4794-9507-A973FD99DC43}.Release|Any CPU.ActiveCfg = Release|Any CPU
		{37CD5506-7CCD-4794-9507-A973FD99DC43}.Release|Any CPU.Build.0 = Release|Any CPU
		{37CD5506-7CCD-4794-9507-A973FD99DC43}.Release|x64.ActiveCfg = Release|Any CPU
		{37CD5506-7CCD-4794-9507-A973FD99DC43}.Release|x64.Build.0 = Release|Any CPU
		{37CD5506-7CCD-4794-9507-A973FD99DC43}.Release|x86.ActiveCfg = Release|Any CPU
		{37CD5506-7CCD-4794-9507-A973FD99DC43}.Release|x86.Build.0 = Release|Any CPU
		{1663CF37-2E80-46B9-9661-DA9529068640}.Debug|Any CPU.ActiveCfg = Debug|Any CPU
		{1663CF37-2E80-46B9-9661-DA9529068640}.Debug|Any CPU.Build.0 = Debug|Any CPU
		{1663CF37-2E80-46B9-9661-DA9529068640}.Debug|x64.ActiveCfg = Debug|Any CPU
		{1663CF37-2E80-46B9-9661-DA9529068640}.Debug|x64.Build.0 = Debug|Any CPU
		{1663CF37-2E80-46B9-9661-DA9529068640}.Debug|x86.ActiveCfg = Debug|Any CPU
		{1663CF37-2E80-46B9-9661-DA9529068640}.Debug|x86.Build.0 = Debug|Any CPU
		{1663CF37-2E80-46B9-9661-DA9529068640}.Release|Any CPU.ActiveCfg = Release|Any CPU
		{1663CF37-2E80-46B9-9661-DA9529068640}.Release|Any CPU.Build.0 = Release|Any CPU
		{1663CF37-2E80-46B9-9661-DA9529068640}.Release|x64.ActiveCfg = Release|Any CPU
		{1663CF37-2E80-46B9-9661-DA9529068640}.Release|x64.Build.0 = Release|Any CPU
		{1663CF37-2E80-46B9-9661-DA9529068640}.Release|x86.ActiveCfg = Release|Any CPU
		{1663CF37-2E80-46B9-9661-DA9529068640}.Release|x86.Build.0 = Release|Any CPU
		{902985A2-C9C9-4ED9-B2B3-4089A9BF5FC4}.Debug|Any CPU.ActiveCfg = Debug|Any CPU
		{902985A2-C9C9-4ED9-B2B3-4089A9BF5FC4}.Debug|Any CPU.Build.0 = Debug|Any CPU
		{902985A2-C9C9-4ED9-B2B3-4089A9BF5FC4}.Debug|x64.ActiveCfg = Debug|Any CPU
		{902985A2-C9C9-4ED9-B2B3-4089A9BF5FC4}.Debug|x64.Build.0 = Debug|Any CPU
		{902985A2-C9C9-4ED9-B2B3-4089A9BF5FC4}.Debug|x86.ActiveCfg = Debug|Any CPU
		{902985A2-C9C9-4ED9-B2B3-4089A9BF5FC4}.Debug|x86.Build.0 = Debug|Any CPU
		{902985A2-C9C9-4ED9-B2B3-4089A9BF5FC4}.Release|Any CPU.ActiveCfg = Release|Any CPU
		{902985A2-C9C9-4ED9-B2B3-4089A9BF5FC4}.Release|Any CPU.Build.0 = Release|Any CPU
		{902985A2-C9C9-4ED9-B2B3-4089A9BF5FC4}.Release|x64.ActiveCfg = Release|Any CPU
		{902985A2-C9C9-4ED9-B2B3-4089A9BF5FC4}.Release|x64.Build.0 = Release|Any CPU
		{902985A2-C9C9-4ED9-B2B3-4089A9BF5FC4}.Release|x86.ActiveCfg = Release|Any CPU
		{902985A2-C9C9-4ED9-B2B3-4089A9BF5FC4}.Release|x86.Build.0 = Release|Any CPU
		{2546308E-FB82-46CA-809D-070D90B542B1}.Debug|Any CPU.ActiveCfg = Debug|Any CPU
		{2546308E-FB82-46CA-809D-070D90B542B1}.Debug|Any CPU.Build.0 = Debug|Any CPU
		{2546308E-FB82-46CA-809D-070D90B542B1}.Debug|x64.ActiveCfg = Debug|Any CPU
		{2546308E-FB82-46CA-809D-070D90B542B1}.Debug|x64.Build.0 = Debug|Any CPU
		{2546308E-FB82-46CA-809D-070D90B542B1}.Debug|x86.ActiveCfg = Debug|Any CPU
		{2546308E-FB82-46CA-809D-070D90B542B1}.Debug|x86.Build.0 = Debug|Any CPU
		{2546308E-FB82-46CA-809D-070D90B542B1}.Release|Any CPU.ActiveCfg = Release|Any CPU
		{2546308E-FB82-46CA-809D-070D90B542B1}.Release|Any CPU.Build.0 = Release|Any CPU
		{2546308E-FB82-46CA-809D-070D90B542B1}.Release|x64.ActiveCfg = Release|Any CPU
		{2546308E-FB82-46CA-809D-070D90B542B1}.Release|x64.Build.0 = Release|Any CPU
		{2546308E-FB82-46CA-809D-070D90B542B1}.Release|x86.ActiveCfg = Release|Any CPU
		{2546308E-FB82-46CA-809D-070D90B542B1}.Release|x86.Build.0 = Release|Any CPU
		{CB27BE70-9B12-4E04-AFFE-A7C4D8B7D27C}.Debug|Any CPU.ActiveCfg = Debug|Any CPU
		{CB27BE70-9B12-4E04-AFFE-A7C4D8B7D27C}.Debug|Any CPU.Build.0 = Debug|Any CPU
		{CB27BE70-9B12-4E04-AFFE-A7C4D8B7D27C}.Debug|x64.ActiveCfg = Debug|Any CPU
		{CB27BE70-9B12-4E04-AFFE-A7C4D8B7D27C}.Debug|x64.Build.0 = Debug|Any CPU
		{CB27BE70-9B12-4E04-AFFE-A7C4D8B7D27C}.Debug|x86.ActiveCfg = Debug|Any CPU
		{CB27BE70-9B12-4E04-AFFE-A7C4D8B7D27C}.Debug|x86.Build.0 = Debug|Any CPU
		{CB27BE70-9B12-4E04-AFFE-A7C4D8B7D27C}.Release|Any CPU.ActiveCfg = Release|Any CPU
		{CB27BE70-9B12-4E04-AFFE-A7C4D8B7D27C}.Release|Any CPU.Build.0 = Release|Any CPU
		{CB27BE70-9B12-4E04-AFFE-A7C4D8B7D27C}.Release|x64.ActiveCfg = Release|Any CPU
		{CB27BE70-9B12-4E04-AFFE-A7C4D8B7D27C}.Release|x64.Build.0 = Release|Any CPU
		{CB27BE70-9B12-4E04-AFFE-A7C4D8B7D27C}.Release|x86.ActiveCfg = Release|Any CPU
		{CB27BE70-9B12-4E04-AFFE-A7C4D8B7D27C}.Release|x86.Build.0 = Release|Any CPU
		{24D0E18D-46EA-4165-9DFC-83390BD973A8}.Debug|Any CPU.ActiveCfg = Debug|Any CPU
		{24D0E18D-46EA-4165-9DFC-83390BD973A8}.Debug|Any CPU.Build.0 = Debug|Any CPU
		{24D0E18D-46EA-4165-9DFC-83390BD973A8}.Debug|x64.ActiveCfg = Debug|Any CPU
		{24D0E18D-46EA-4165-9DFC-83390BD973A8}.Debug|x64.Build.0 = Debug|Any CPU
		{24D0E18D-46EA-4165-9DFC-83390BD973A8}.Debug|x86.ActiveCfg = Debug|Any CPU
		{24D0E18D-46EA-4165-9DFC-83390BD973A8}.Debug|x86.Build.0 = Debug|Any CPU
		{24D0E18D-46EA-4165-9DFC-83390BD973A8}.Release|Any CPU.ActiveCfg = Release|Any CPU
		{24D0E18D-46EA-4165-9DFC-83390BD973A8}.Release|Any CPU.Build.0 = Release|Any CPU
		{24D0E18D-46EA-4165-9DFC-83390BD973A8}.Release|x64.ActiveCfg = Release|Any CPU
		{24D0E18D-46EA-4165-9DFC-83390BD973A8}.Release|x64.Build.0 = Release|Any CPU
		{24D0E18D-46EA-4165-9DFC-83390BD973A8}.Release|x86.ActiveCfg = Release|Any CPU
		{24D0E18D-46EA-4165-9DFC-83390BD973A8}.Release|x86.Build.0 = Release|Any CPU
		{9DFBE324-0F01-4BF8-B4D3-AC79182FE00F}.Debug|Any CPU.ActiveCfg = Debug|Any CPU
		{9DFBE324-0F01-4BF8-B4D3-AC79182FE00F}.Debug|Any CPU.Build.0 = Debug|Any CPU
		{9DFBE324-0F01-4BF8-B4D3-AC79182FE00F}.Debug|x64.ActiveCfg = Debug|Any CPU
		{9DFBE324-0F01-4BF8-B4D3-AC79182FE00F}.Debug|x64.Build.0 = Debug|Any CPU
		{9DFBE324-0F01-4BF8-B4D3-AC79182FE00F}.Debug|x86.ActiveCfg = Debug|Any CPU
		{9DFBE324-0F01-4BF8-B4D3-AC79182FE00F}.Debug|x86.Build.0 = Debug|Any CPU
		{9DFBE324-0F01-4BF8-B4D3-AC79182FE00F}.Release|Any CPU.ActiveCfg = Release|Any CPU
		{9DFBE324-0F01-4BF8-B4D3-AC79182FE00F}.Release|Any CPU.Build.0 = Release|Any CPU
		{9DFBE324-0F01-4BF8-B4D3-AC79182FE00F}.Release|x64.ActiveCfg = Release|Any CPU
		{9DFBE324-0F01-4BF8-B4D3-AC79182FE00F}.Release|x64.Build.0 = Release|Any CPU
		{9DFBE324-0F01-4BF8-B4D3-AC79182FE00F}.Release|x86.ActiveCfg = Release|Any CPU
		{9DFBE324-0F01-4BF8-B4D3-AC79182FE00F}.Release|x86.Build.0 = Release|Any CPU
		{6DA9F49C-3878-4948-AFF9-FE585F53A8D4}.Debug|Any CPU.ActiveCfg = Debug|Any CPU
		{6DA9F49C-3878-4948-AFF9-FE585F53A8D4}.Debug|Any CPU.Build.0 = Debug|Any CPU
		{6DA9F49C-3878-4948-AFF9-FE585F53A8D4}.Debug|x64.ActiveCfg = Debug|Any CPU
		{6DA9F49C-3878-4948-AFF9-FE585F53A8D4}.Debug|x64.Build.0 = Debug|Any CPU
		{6DA9F49C-3878-4948-AFF9-FE585F53A8D4}.Debug|x86.ActiveCfg = Debug|Any CPU
		{6DA9F49C-3878-4948-AFF9-FE585F53A8D4}.Debug|x86.Build.0 = Debug|Any CPU
		{6DA9F49C-3878-4948-AFF9-FE585F53A8D4}.Release|Any CPU.ActiveCfg = Release|Any CPU
		{6DA9F49C-3878-4948-AFF9-FE585F53A8D4}.Release|Any CPU.Build.0 = Release|Any CPU
		{6DA9F49C-3878-4948-AFF9-FE585F53A8D4}.Release|x64.ActiveCfg = Release|Any CPU
		{6DA9F49C-3878-4948-AFF9-FE585F53A8D4}.Release|x64.Build.0 = Release|Any CPU
		{6DA9F49C-3878-4948-AFF9-FE585F53A8D4}.Release|x86.ActiveCfg = Release|Any CPU
		{6DA9F49C-3878-4948-AFF9-FE585F53A8D4}.Release|x86.Build.0 = Release|Any CPU
		{4DC5B239-5DFC-4A87-8ACF-10D6B115E9D7}.Debug|Any CPU.ActiveCfg = Debug|Any CPU
		{4DC5B239-5DFC-4A87-8ACF-10D6B115E9D7}.Debug|Any CPU.Build.0 = Debug|Any CPU
		{4DC5B239-5DFC-4A87-8ACF-10D6B115E9D7}.Debug|x64.ActiveCfg = Debug|Any CPU
		{4DC5B239-5DFC-4A87-8ACF-10D6B115E9D7}.Debug|x64.Build.0 = Debug|Any CPU
		{4DC5B239-5DFC-4A87-8ACF-10D6B115E9D7}.Debug|x86.ActiveCfg = Debug|Any CPU
		{4DC5B239-5DFC-4A87-8ACF-10D6B115E9D7}.Debug|x86.Build.0 = Debug|Any CPU
		{4DC5B239-5DFC-4A87-8ACF-10D6B115E9D7}.Release|Any CPU.ActiveCfg = Release|Any CPU
		{4DC5B239-5DFC-4A87-8ACF-10D6B115E9D7}.Release|Any CPU.Build.0 = Release|Any CPU
		{4DC5B239-5DFC-4A87-8ACF-10D6B115E9D7}.Release|x64.ActiveCfg = Release|Any CPU
		{4DC5B239-5DFC-4A87-8ACF-10D6B115E9D7}.Release|x64.Build.0 = Release|Any CPU
		{4DC5B239-5DFC-4A87-8ACF-10D6B115E9D7}.Release|x86.ActiveCfg = Release|Any CPU
		{4DC5B239-5DFC-4A87-8ACF-10D6B115E9D7}.Release|x86.Build.0 = Release|Any CPU
		{92FAEC50-FC91-4805-991C-7A5AB037704B}.Debug|Any CPU.ActiveCfg = Debug|Any CPU
		{92FAEC50-FC91-4805-991C-7A5AB037704B}.Debug|Any CPU.Build.0 = Debug|Any CPU
		{92FAEC50-FC91-4805-991C-7A5AB037704B}.Debug|x64.ActiveCfg = Debug|Any CPU
		{92FAEC50-FC91-4805-991C-7A5AB037704B}.Debug|x64.Build.0 = Debug|Any CPU
		{92FAEC50-FC91-4805-991C-7A5AB037704B}.Debug|x86.ActiveCfg = Debug|Any CPU
		{92FAEC50-FC91-4805-991C-7A5AB037704B}.Debug|x86.Build.0 = Debug|Any CPU
		{92FAEC50-FC91-4805-991C-7A5AB037704B}.Release|Any CPU.ActiveCfg = Release|Any CPU
		{92FAEC50-FC91-4805-991C-7A5AB037704B}.Release|Any CPU.Build.0 = Release|Any CPU
		{92FAEC50-FC91-4805-991C-7A5AB037704B}.Release|x64.ActiveCfg = Release|Any CPU
		{92FAEC50-FC91-4805-991C-7A5AB037704B}.Release|x64.Build.0 = Release|Any CPU
		{92FAEC50-FC91-4805-991C-7A5AB037704B}.Release|x86.ActiveCfg = Release|Any CPU
		{92FAEC50-FC91-4805-991C-7A5AB037704B}.Release|x86.Build.0 = Release|Any CPU
		{CBE66AD5-CCED-4C8C-BA23-A99D3175F5BE}.Debug|Any CPU.ActiveCfg = Debug|Any CPU
		{CBE66AD5-CCED-4C8C-BA23-A99D3175F5BE}.Debug|Any CPU.Build.0 = Debug|Any CPU
		{CBE66AD5-CCED-4C8C-BA23-A99D3175F5BE}.Debug|x64.ActiveCfg = Debug|Any CPU
		{CBE66AD5-CCED-4C8C-BA23-A99D3175F5BE}.Debug|x64.Build.0 = Debug|Any CPU
		{CBE66AD5-CCED-4C8C-BA23-A99D3175F5BE}.Debug|x86.ActiveCfg = Debug|Any CPU
		{CBE66AD5-CCED-4C8C-BA23-A99D3175F5BE}.Debug|x86.Build.0 = Debug|Any CPU
		{CBE66AD5-CCED-4C8C-BA23-A99D3175F5BE}.Release|Any CPU.ActiveCfg = Release|Any CPU
		{CBE66AD5-CCED-4C8C-BA23-A99D3175F5BE}.Release|Any CPU.Build.0 = Release|Any CPU
		{CBE66AD5-CCED-4C8C-BA23-A99D3175F5BE}.Release|x64.ActiveCfg = Release|Any CPU
		{CBE66AD5-CCED-4C8C-BA23-A99D3175F5BE}.Release|x64.Build.0 = Release|Any CPU
		{CBE66AD5-CCED-4C8C-BA23-A99D3175F5BE}.Release|x86.ActiveCfg = Release|Any CPU
		{CBE66AD5-CCED-4C8C-BA23-A99D3175F5BE}.Release|x86.Build.0 = Release|Any CPU
		{E477FF49-22E7-471D-89F5-8EEBD526EBFD}.Debug|Any CPU.ActiveCfg = Debug|Any CPU
		{E477FF49-22E7-471D-89F5-8EEBD526EBFD}.Debug|Any CPU.Build.0 = Debug|Any CPU
		{E477FF49-22E7-471D-89F5-8EEBD526EBFD}.Debug|x64.ActiveCfg = Debug|Any CPU
		{E477FF49-22E7-471D-89F5-8EEBD526EBFD}.Debug|x64.Build.0 = Debug|Any CPU
		{E477FF49-22E7-471D-89F5-8EEBD526EBFD}.Debug|x86.ActiveCfg = Debug|Any CPU
		{E477FF49-22E7-471D-89F5-8EEBD526EBFD}.Debug|x86.Build.0 = Debug|Any CPU
		{E477FF49-22E7-471D-89F5-8EEBD526EBFD}.Release|Any CPU.ActiveCfg = Release|Any CPU
		{E477FF49-22E7-471D-89F5-8EEBD526EBFD}.Release|Any CPU.Build.0 = Release|Any CPU
		{E477FF49-22E7-471D-89F5-8EEBD526EBFD}.Release|x64.ActiveCfg = Release|Any CPU
		{E477FF49-22E7-471D-89F5-8EEBD526EBFD}.Release|x64.Build.0 = Release|Any CPU
		{E477FF49-22E7-471D-89F5-8EEBD526EBFD}.Release|x86.ActiveCfg = Release|Any CPU
		{E477FF49-22E7-471D-89F5-8EEBD526EBFD}.Release|x86.Build.0 = Release|Any CPU
		{D96DAAF8-0D5E-4A90-90B7-549D16B1A196}.Debug|Any CPU.ActiveCfg = Debug|Any CPU
		{D96DAAF8-0D5E-4A90-90B7-549D16B1A196}.Debug|Any CPU.Build.0 = Debug|Any CPU
		{D96DAAF8-0D5E-4A90-90B7-549D16B1A196}.Debug|x64.ActiveCfg = Debug|Any CPU
		{D96DAAF8-0D5E-4A90-90B7-549D16B1A196}.Debug|x64.Build.0 = Debug|Any CPU
		{D96DAAF8-0D5E-4A90-90B7-549D16B1A196}.Debug|x86.ActiveCfg = Debug|Any CPU
		{D96DAAF8-0D5E-4A90-90B7-549D16B1A196}.Debug|x86.Build.0 = Debug|Any CPU
		{D96DAAF8-0D5E-4A90-90B7-549D16B1A196}.Release|Any CPU.ActiveCfg = Release|Any CPU
		{D96DAAF8-0D5E-4A90-90B7-549D16B1A196}.Release|Any CPU.Build.0 = Release|Any CPU
		{D96DAAF8-0D5E-4A90-90B7-549D16B1A196}.Release|x64.ActiveCfg = Release|Any CPU
		{D96DAAF8-0D5E-4A90-90B7-549D16B1A196}.Release|x64.Build.0 = Release|Any CPU
		{D96DAAF8-0D5E-4A90-90B7-549D16B1A196}.Release|x86.ActiveCfg = Release|Any CPU
		{D96DAAF8-0D5E-4A90-90B7-549D16B1A196}.Release|x86.Build.0 = Release|Any CPU
		{F334E632-9B26-4B7E-A541-A852CAE1E4F2}.Debug|Any CPU.ActiveCfg = Debug|Any CPU
		{F334E632-9B26-4B7E-A541-A852CAE1E4F2}.Debug|Any CPU.Build.0 = Debug|Any CPU
		{F334E632-9B26-4B7E-A541-A852CAE1E4F2}.Debug|x64.ActiveCfg = Debug|Any CPU
		{F334E632-9B26-4B7E-A541-A852CAE1E4F2}.Debug|x64.Build.0 = Debug|Any CPU
		{F334E632-9B26-4B7E-A541-A852CAE1E4F2}.Debug|x86.ActiveCfg = Debug|Any CPU
		{F334E632-9B26-4B7E-A541-A852CAE1E4F2}.Debug|x86.Build.0 = Debug|Any CPU
		{F334E632-9B26-4B7E-A541-A852CAE1E4F2}.Release|Any CPU.ActiveCfg = Release|Any CPU
		{F334E632-9B26-4B7E-A541-A852CAE1E4F2}.Release|Any CPU.Build.0 = Release|Any CPU
		{F334E632-9B26-4B7E-A541-A852CAE1E4F2}.Release|x64.ActiveCfg = Release|Any CPU
		{F334E632-9B26-4B7E-A541-A852CAE1E4F2}.Release|x64.Build.0 = Release|Any CPU
		{F334E632-9B26-4B7E-A541-A852CAE1E4F2}.Release|x86.ActiveCfg = Release|Any CPU
		{F334E632-9B26-4B7E-A541-A852CAE1E4F2}.Release|x86.Build.0 = Release|Any CPU
		{9E3C33DE-4792-4766-BCDF-778399A91488}.Debug|Any CPU.ActiveCfg = Debug|Any CPU
		{9E3C33DE-4792-4766-BCDF-778399A91488}.Debug|Any CPU.Build.0 = Debug|Any CPU
		{9E3C33DE-4792-4766-BCDF-778399A91488}.Debug|x64.ActiveCfg = Debug|Any CPU
		{9E3C33DE-4792-4766-BCDF-778399A91488}.Debug|x64.Build.0 = Debug|Any CPU
		{9E3C33DE-4792-4766-BCDF-778399A91488}.Debug|x86.ActiveCfg = Debug|Any CPU
		{9E3C33DE-4792-4766-BCDF-778399A91488}.Debug|x86.Build.0 = Debug|Any CPU
		{9E3C33DE-4792-4766-BCDF-778399A91488}.Release|Any CPU.ActiveCfg = Release|Any CPU
		{9E3C33DE-4792-4766-BCDF-778399A91488}.Release|Any CPU.Build.0 = Release|Any CPU
		{9E3C33DE-4792-4766-BCDF-778399A91488}.Release|x64.ActiveCfg = Release|Any CPU
		{9E3C33DE-4792-4766-BCDF-778399A91488}.Release|x64.Build.0 = Release|Any CPU
		{9E3C33DE-4792-4766-BCDF-778399A91488}.Release|x86.ActiveCfg = Release|Any CPU
		{9E3C33DE-4792-4766-BCDF-778399A91488}.Release|x86.Build.0 = Release|Any CPU
		{D2CFD791-FEAF-43E3-81DD-FC510808785C}.Debug|Any CPU.ActiveCfg = Debug|Any CPU
		{D2CFD791-FEAF-43E3-81DD-FC510808785C}.Debug|Any CPU.Build.0 = Debug|Any CPU
		{D2CFD791-FEAF-43E3-81DD-FC510808785C}.Debug|x64.ActiveCfg = Debug|Any CPU
		{D2CFD791-FEAF-43E3-81DD-FC510808785C}.Debug|x64.Build.0 = Debug|Any CPU
		{D2CFD791-FEAF-43E3-81DD-FC510808785C}.Debug|x86.ActiveCfg = Debug|Any CPU
		{D2CFD791-FEAF-43E3-81DD-FC510808785C}.Debug|x86.Build.0 = Debug|Any CPU
		{D2CFD791-FEAF-43E3-81DD-FC510808785C}.Release|Any CPU.ActiveCfg = Release|Any CPU
		{D2CFD791-FEAF-43E3-81DD-FC510808785C}.Release|Any CPU.Build.0 = Release|Any CPU
		{D2CFD791-FEAF-43E3-81DD-FC510808785C}.Release|x64.ActiveCfg = Release|Any CPU
		{D2CFD791-FEAF-43E3-81DD-FC510808785C}.Release|x64.Build.0 = Release|Any CPU
		{D2CFD791-FEAF-43E3-81DD-FC510808785C}.Release|x86.ActiveCfg = Release|Any CPU
		{D2CFD791-FEAF-43E3-81DD-FC510808785C}.Release|x86.Build.0 = Release|Any CPU
		{51F826C7-438E-488A-BA85-AAADA0EF2C35}.Debug|Any CPU.ActiveCfg = Debug|Any CPU
		{51F826C7-438E-488A-BA85-AAADA0EF2C35}.Debug|Any CPU.Build.0 = Debug|Any CPU
		{51F826C7-438E-488A-BA85-AAADA0EF2C35}.Debug|x64.ActiveCfg = Debug|Any CPU
		{51F826C7-438E-488A-BA85-AAADA0EF2C35}.Debug|x64.Build.0 = Debug|Any CPU
		{51F826C7-438E-488A-BA85-AAADA0EF2C35}.Debug|x86.ActiveCfg = Debug|Any CPU
		{51F826C7-438E-488A-BA85-AAADA0EF2C35}.Debug|x86.Build.0 = Debug|Any CPU
		{51F826C7-438E-488A-BA85-AAADA0EF2C35}.Release|Any CPU.ActiveCfg = Release|Any CPU
		{51F826C7-438E-488A-BA85-AAADA0EF2C35}.Release|Any CPU.Build.0 = Release|Any CPU
		{51F826C7-438E-488A-BA85-AAADA0EF2C35}.Release|x64.ActiveCfg = Release|Any CPU
		{51F826C7-438E-488A-BA85-AAADA0EF2C35}.Release|x64.Build.0 = Release|Any CPU
		{51F826C7-438E-488A-BA85-AAADA0EF2C35}.Release|x86.ActiveCfg = Release|Any CPU
		{51F826C7-438E-488A-BA85-AAADA0EF2C35}.Release|x86.Build.0 = Release|Any CPU
		{2F602969-9D62-4C7F-B4C6-01FD8B3EEDD4}.Debug|Any CPU.ActiveCfg = Debug|Any CPU
		{2F602969-9D62-4C7F-B4C6-01FD8B3EEDD4}.Debug|Any CPU.Build.0 = Debug|Any CPU
		{2F602969-9D62-4C7F-B4C6-01FD8B3EEDD4}.Debug|x64.ActiveCfg = Debug|Any CPU
		{2F602969-9D62-4C7F-B4C6-01FD8B3EEDD4}.Debug|x64.Build.0 = Debug|Any CPU
		{2F602969-9D62-4C7F-B4C6-01FD8B3EEDD4}.Debug|x86.ActiveCfg = Debug|Any CPU
		{2F602969-9D62-4C7F-B4C6-01FD8B3EEDD4}.Debug|x86.Build.0 = Debug|Any CPU
		{2F602969-9D62-4C7F-B4C6-01FD8B3EEDD4}.Release|Any CPU.ActiveCfg = Release|Any CPU
		{2F602969-9D62-4C7F-B4C6-01FD8B3EEDD4}.Release|Any CPU.Build.0 = Release|Any CPU
		{2F602969-9D62-4C7F-B4C6-01FD8B3EEDD4}.Release|x64.ActiveCfg = Release|Any CPU
		{2F602969-9D62-4C7F-B4C6-01FD8B3EEDD4}.Release|x64.Build.0 = Release|Any CPU
		{2F602969-9D62-4C7F-B4C6-01FD8B3EEDD4}.Release|x86.ActiveCfg = Release|Any CPU
		{2F602969-9D62-4C7F-B4C6-01FD8B3EEDD4}.Release|x86.Build.0 = Release|Any CPU
		{9755C2BA-9477-41E5-A263-E2B1D6A4E41A}.Debug|Any CPU.ActiveCfg = Debug|Any CPU
		{9755C2BA-9477-41E5-A263-E2B1D6A4E41A}.Debug|Any CPU.Build.0 = Debug|Any CPU
		{9755C2BA-9477-41E5-A263-E2B1D6A4E41A}.Debug|x64.ActiveCfg = Debug|Any CPU
		{9755C2BA-9477-41E5-A263-E2B1D6A4E41A}.Debug|x64.Build.0 = Debug|Any CPU
		{9755C2BA-9477-41E5-A263-E2B1D6A4E41A}.Debug|x86.ActiveCfg = Debug|Any CPU
		{9755C2BA-9477-41E5-A263-E2B1D6A4E41A}.Debug|x86.Build.0 = Debug|Any CPU
		{9755C2BA-9477-41E5-A263-E2B1D6A4E41A}.Release|Any CPU.ActiveCfg = Release|Any CPU
		{9755C2BA-9477-41E5-A263-E2B1D6A4E41A}.Release|Any CPU.Build.0 = Release|Any CPU
		{9755C2BA-9477-41E5-A263-E2B1D6A4E41A}.Release|x64.ActiveCfg = Release|Any CPU
		{9755C2BA-9477-41E5-A263-E2B1D6A4E41A}.Release|x64.Build.0 = Release|Any CPU
		{9755C2BA-9477-41E5-A263-E2B1D6A4E41A}.Release|x86.ActiveCfg = Release|Any CPU
		{9755C2BA-9477-41E5-A263-E2B1D6A4E41A}.Release|x86.Build.0 = Release|Any CPU
		{F61708B8-4DAA-4A4A-AEC8-6C62AED4EF3E}.Debug|Any CPU.ActiveCfg = Debug|Any CPU
		{F61708B8-4DAA-4A4A-AEC8-6C62AED4EF3E}.Debug|Any CPU.Build.0 = Debug|Any CPU
		{F61708B8-4DAA-4A4A-AEC8-6C62AED4EF3E}.Debug|x64.ActiveCfg = Debug|Any CPU
		{F61708B8-4DAA-4A4A-AEC8-6C62AED4EF3E}.Debug|x64.Build.0 = Debug|Any CPU
		{F61708B8-4DAA-4A4A-AEC8-6C62AED4EF3E}.Debug|x86.ActiveCfg = Debug|Any CPU
		{F61708B8-4DAA-4A4A-AEC8-6C62AED4EF3E}.Debug|x86.Build.0 = Debug|Any CPU
		{F61708B8-4DAA-4A4A-AEC8-6C62AED4EF3E}.Release|Any CPU.ActiveCfg = Release|Any CPU
		{F61708B8-4DAA-4A4A-AEC8-6C62AED4EF3E}.Release|Any CPU.Build.0 = Release|Any CPU
		{F61708B8-4DAA-4A4A-AEC8-6C62AED4EF3E}.Release|x64.ActiveCfg = Release|Any CPU
		{F61708B8-4DAA-4A4A-AEC8-6C62AED4EF3E}.Release|x64.Build.0 = Release|Any CPU
		{F61708B8-4DAA-4A4A-AEC8-6C62AED4EF3E}.Release|x86.ActiveCfg = Release|Any CPU
		{F61708B8-4DAA-4A4A-AEC8-6C62AED4EF3E}.Release|x86.Build.0 = Release|Any CPU
	EndGlobalSection
	GlobalSection(SolutionProperties) = preSolution
		HideSolutionNode = FALSE
	EndGlobalSection
	GlobalSection(NestedProjects) = preSolution
		{5A728863-19AC-85BD-2451-DA9A2B6A9E80} = {5D20AA90-6969-D8BD-9DCD-8634F4692FDA}
		{FBB7E191-6DE4-951E-69F3-A8E503401561} = {5A728863-19AC-85BD-2451-DA9A2B6A9E80}
		{1EE15D85-5416-F55D-F625-731C85B3C767} = {FBB7E191-6DE4-951E-69F3-A8E503401561}
		{8BDC1CE4-78CC-F625-4647-E1004AB29979} = {1EE15D85-5416-F55D-F625-731C85B3C767}
		{E39E7CBF-DED7-4069-9399-02ACA3391FB1} = {8BDC1CE4-78CC-F625-4647-E1004AB29979}
		{8D626EA8-CB54-BC41-363A-217881BEBA6E} = {827E0CD3-B72D-47B6-A68D-7590B98EB39B}
		{560A1628-0F59-4490-BA27-A8F6BC6C0965} = {8D626EA8-CB54-BC41-363A-217881BEBA6E}
		{DE2D0A59-A786-4175-AFB9-67F5D3B6293F} = {8D626EA8-CB54-BC41-363A-217881BEBA6E}
		{B7BDC7EC-2716-4907-B8A7-3CB0C1412D3C} = {8D626EA8-CB54-BC41-363A-217881BEBA6E}
		{DE5F1BC7-62D7-408E-930D-48FCCD4506BE} = {8D626EA8-CB54-BC41-363A-217881BEBA6E}
		{ED6B24FD-6CF7-4B1D-A812-BB4921AE70E5} = {8D626EA8-CB54-BC41-363A-217881BEBA6E}
		{E432F2D8-1F8D-4D47-A524-60014339AD45} = {8D626EA8-CB54-BC41-363A-217881BEBA6E}
		{97D06B1E-0482-46AF-ABF3-E0B14D9D1577} = {8D626EA8-CB54-BC41-363A-217881BEBA6E}
		{A40DBD2C-958A-4604-816D-807329AC2A63} = {8D626EA8-CB54-BC41-363A-217881BEBA6E}
		{758A0285-7882-4461-BA2E-C1E4B7EB7030} = {8D626EA8-CB54-BC41-363A-217881BEBA6E}
		{1E51D540-576A-4FC4-B28F-6F2A497A20E3} = {8D626EA8-CB54-BC41-363A-217881BEBA6E}
		{CB578FED-E6E0-4496-A2A4-430C7EAA0691} = {1EE15D85-5416-F55D-F625-731C85B3C767}
		{858A8F3B-548E-7A4F-A882-E93F26F5E6E1} = {5A728863-19AC-85BD-2451-DA9A2B6A9E80}
		{73D5B6E4-8DB8-9C7C-84B4-B9FD534EE732} = {858A8F3B-548E-7A4F-A882-E93F26F5E6E1}
		{25A03EA7-83D9-4C7E-87C4-C892165E523D} = {73D5B6E4-8DB8-9C7C-84B4-B9FD534EE732}
		{EB5472ED-AF12-6D03-63C7-3ECBB90B1D72} = {858A8F3B-548E-7A4F-A882-E93F26F5E6E1}
		{99355BCC-0AF2-429A-AB5E-8E9D7FC9D181} = {EB5472ED-AF12-6D03-63C7-3ECBB90B1D72}
		{CCDADB01-71FC-E520-A1C9-F0AD2071AA9E} = {5A728863-19AC-85BD-2451-DA9A2B6A9E80}
		{07AD404C-9E30-686D-E093-2EDD5FEDB6CD} = {CCDADB01-71FC-E520-A1C9-F0AD2071AA9E}
		{48E65873-82BF-4656-AB88-8DC7556635DD} = {07AD404C-9E30-686D-E093-2EDD5FEDB6CD}
		{0685B3AC-DB55-A51B-DCD8-B21E6B13630B} = {CCDADB01-71FC-E520-A1C9-F0AD2071AA9E}
		{9E90927B-5FA4-488A-A8DC-FA94ED3C7CB1} = {0685B3AC-DB55-A51B-DCD8-B21E6B13630B}
		{588A8DC6-49E1-6A39-A102-44D69350E21A} = {CCDADB01-71FC-E520-A1C9-F0AD2071AA9E}
		{37CD5506-7CCD-4794-9507-A973FD99DC43} = {588A8DC6-49E1-6A39-A102-44D69350E21A}
		{7519F31C-F1C0-4FD4-8F26-5D9C2842DD80} = {CCDADB01-71FC-E520-A1C9-F0AD2071AA9E}
		{1663CF37-2E80-46B9-9661-DA9529068640} = {7519F31C-F1C0-4FD4-8F26-5D9C2842DD80}
		{622A3890-BA0D-8A47-F4F8-18C0EF44784A} = {CCDADB01-71FC-E520-A1C9-F0AD2071AA9E}
		{902985A2-C9C9-4ED9-B2B3-4089A9BF5FC4} = {622A3890-BA0D-8A47-F4F8-18C0EF44784A}
		{EF47637D-A3C2-361A-A467-BD93827AABC4} = {5A728863-19AC-85BD-2451-DA9A2B6A9E80}
		{623F1A77-684A-4809-A1F1-F90AF7335750} = {EF47637D-A3C2-361A-A467-BD93827AABC4}
		{2546308E-FB82-46CA-809D-070D90B542B1} = {623F1A77-684A-4809-A1F1-F90AF7335750}
		{86FE57FD-BA65-255C-8842-21375F8BFAB2} = {EF47637D-A3C2-361A-A467-BD93827AABC4}
		{CB27BE70-9B12-4E04-AFFE-A7C4D8B7D27C} = {86FE57FD-BA65-255C-8842-21375F8BFAB2}
		{24D0E18D-46EA-4165-9DFC-83390BD973A8} = {8D626EA8-CB54-BC41-363A-217881BEBA6E}
		{9DFBE324-0F01-4BF8-B4D3-AC79182FE00F} = {8D626EA8-CB54-BC41-363A-217881BEBA6E}
		{6DA9F49C-3878-4948-AFF9-FE585F53A8D4} = {8D626EA8-CB54-BC41-363A-217881BEBA6E}
		{4DC5B239-5DFC-4A87-8ACF-10D6B115E9D7} = {8D626EA8-CB54-BC41-363A-217881BEBA6E}
		{92FAEC50-FC91-4805-991C-7A5AB037704B} = {8D626EA8-CB54-BC41-363A-217881BEBA6E}
		{C79C3622-AC92-5B3C-4F71-0BD0E7B3816F} = {827E0CD3-B72D-47B6-A68D-7590B98EB39B}
		{CBE66AD5-CCED-4C8C-BA23-A99D3175F5BE} = {C79C3622-AC92-5B3C-4F71-0BD0E7B3816F}
		{E477FF49-22E7-471D-89F5-8EEBD526EBFD} = {8D626EA8-CB54-BC41-363A-217881BEBA6E}
		{D96DAAF8-0D5E-4A90-90B7-549D16B1A196} = {8D626EA8-CB54-BC41-363A-217881BEBA6E}
		{F334E632-9B26-4B7E-A541-A852CAE1E4F2} = {8D626EA8-CB54-BC41-363A-217881BEBA6E}
		{9E3C33DE-4792-4766-BCDF-778399A91488} = {8D626EA8-CB54-BC41-363A-217881BEBA6E}
		{D2CFD791-FEAF-43E3-81DD-FC510808785C} = {8D626EA8-CB54-BC41-363A-217881BEBA6E}
		{51F826C7-438E-488A-BA85-AAADA0EF2C35} = {8D626EA8-CB54-BC41-363A-217881BEBA6E}
		{2F602969-9D62-4C7F-B4C6-01FD8B3EEDD4} = {8D626EA8-CB54-BC41-363A-217881BEBA6E}
		{9755C2BA-9477-41E5-A263-E2B1D6A4E41A} = {8D626EA8-CB54-BC41-363A-217881BEBA6E}
		{F61708B8-4DAA-4A4A-AEC8-6C62AED4EF3E} = {8D626EA8-CB54-BC41-363A-217881BEBA6E}
	EndGlobalSection
EndGlobal
